Microsoft Visual Studio Solution File, Format Version 11.00
# Visual Studio 2008

Project("{9F1E724F-19B7-7E1C-9ADF-C808E1D23982}") = "Deep_Forge", "Assembly-CSharp.csproj", "{C10A6F61-B7AE-F148-BDD8-F14CAA8B82E7}"
EndProject
Project("{9F1E724F-19B7-7E1C-9ADF-C808E1D23982}") = "Deep_Forge", "Assembly-CSharp-Editor.csproj", "{AC09470D-9FFB-FC1D-A086-3185C921B752}"
EndProject
Global
	GlobalSection(SolutionConfigurationPlatforms) = preSolution
		Debug|Any CPU = Debug|Any CPU
		Release|Any CPU = Release|Any CPU
	EndGlobalSection
	GlobalSection(ProjectConfigurationPlatforms) = postSolution
		{C10A6F61-B7AE-F148-BDD8-F14CAA8B82E7}.Debug|Any CPU.ActiveCfg = Debug|Any CPU
		{C10A6F61-B7AE-F148-BDD8-F14CAA8B82E7}.Debug|Any CPU.Build.0 = Debug|Any CPU
		{C10A6F61-B7AE-F148-BDD8-F14CAA8B82E7}.Release|Any CPU.ActiveCfg = Release|Any CPU
		{C10A6F61-B7AE-F148-BDD8-F14CAA8B82E7}.Release|Any CPU.Build.0 = Release|Any CPU
		{AC09470D-9FFB-FC1D-A086-3185C921B752}.Debug|Any CPU.ActiveCfg = Debug|Any CPU
		{AC09470D-9FFB-FC1D-A086-3185C921B752}.Debug|Any CPU.Build.0 = Debug|Any CPU
		{AC09470D-9FFB-FC1D-A086-3185C921B752}.Release|Any CPU.ActiveCfg = Release|Any CPU
		{AC09470D-9FFB-FC1D-A086-3185C921B752}.Release|Any CPU.Build.0 = Release|Any CPU
	EndGlobalSection
	GlobalSection(SolutionProperties) = preSolution
		HideSolutionNode = FALSE
	EndGlobalSection
																GlobalSection(MonoDevelopProperties) = preSolution
		StartupItem = Assembly-CSharp.csproj
		Policies = $0
		$0.TextStylePolicy = $1
		$1.inheritsSet = null
		$1.scope = text/x-csharp
		$0.CSharpFormattingPolicy = $2
		$2.inheritsSet = Mono
		$2.inheritsScope = text/x-csharp
		$2.scope = text/x-csharp
		$0.TextStylePolicy = $3
		$3.FileWidth = 120
		$3.TabWidth = 4
		$3.IndentWidth = 4
		$3.EolMarker = Unix
		$3.inheritsSet = Mono
		$3.inheritsScope = text/plain
		$3.scope = text/plain
	EndGlobalSection

EndGlobal
