
Microsoft Visual Studio Solution File, Format Version 11.0
# Visual Studio 2010
Project("{FAE04EC0-301F-11D3-BF4B-00C04F79EFBC}") = "UnityVS.Deep_Forge.CSharp.Editor", "UnityVS.Deep_Forge.CSharp.Editor.csproj", "{D565D11B-AA69-C649-8EE7-C1D993362DE0}"
EndProject
Project("{FAE04EC0-301F-11D3-BF4B-00C04F79EFBC}") = "UnityVS.Deep_Forge.CSharp", "UnityVS.Deep_Forge.CSharp.csproj", "{DE603809-2BE9-FBC2-2FDE-47095F2EA9B9}"
EndProject
Global
	GlobalSection(SolutionConfigurationPlatforms) = preSolution
		Debug|Any CPU = Debug|Any CPU
		Release|Any CPU = Release|Any CPU
	EndGlobalSection
	GlobalSection(ProjectConfigurationPlatforms) = postSolution
		{D565D11B-AA69-C649-8EE7-C1D993362DE0}.Debug|Any CPU.ActiveCfg = Debug|Any CPU
		{D565D11B-AA69-C649-8EE7-C1D993362DE0}.Debug|Any CPU.Build.0 = Debug|Any CPU
		{D565D11B-AA69-C649-8EE7-C1D993362DE0}.Release|Any CPU.ActiveCfg = Release|Any CPU
		{D565D11B-AA69-C649-8EE7-C1D993362DE0}.Release|Any CPU.Build.0 = Release|Any CPU
		{DE603809-2BE9-FBC2-2FDE-47095F2EA9B9}.Debug|Any CPU.ActiveCfg = Debug|Any CPU
		{DE603809-2BE9-FBC2-2FDE-47095F2EA9B9}.Debug|Any CPU.Build.0 = Debug|Any CPU
		{DE603809-2BE9-FBC2-2FDE-47095F2EA9B9}.Release|Any CPU.ActiveCfg = Release|Any CPU
		{DE603809-2BE9-FBC2-2FDE-47095F2EA9B9}.Release|Any CPU.Build.0 = Release|Any CPU
	EndGlobalSection
	GlobalSection(SolutionProperties) = preSolution
		HideSolutionNode = FALSE
	EndGlobalSection
EndGlobal
